
Microsoft Visual Studio Solution File, Format Version 12.00
# Visual Studio Version 16
VisualStudioVersion = 16.0.28516.95
MinimumVisualStudioVersion = 10.0.40219.1
Project("{9A19103F-16F7-4668-BE54-9A1E7A4F7556}") = "SudokuSolver.Business", "SudokuSolver.Business\SudokuSolver.Business.csproj", "{19BBFDB4-8E82-4559-A88D-C9DC462B11C2}"
EndProject
Project("{9A19103F-16F7-4668-BE54-9A1E7A4F7556}") = "SudokuSolver.Tests", "SudokuSolver.Tests\SudokuSolver.Tests.csproj", "{577BC5E4-135B-4128-9B5A-EB8AEBD1FA61}"
EndProject
Project("{9A19103F-16F7-4668-BE54-9A1E7A4F7556}") = "SudokuSolver.UI.Console", "SudokuSolver.UI.Console\SudokuSolver.UI.Console.csproj", "{F11D802E-6A02-44CB-ADE3-C3E5BD42895A}"
EndProject
Project("{9A19103F-16F7-4668-BE54-9A1E7A4F7556}") = "SudokuSolver.Models", "SudokuSolver.Models\SudokuSolver.Models.csproj", "{1A79D9FB-3BFA-495A-854B-7BB24EB060CF}"
EndProject
Global
	GlobalSection(SolutionConfigurationPlatforms) = preSolution
		Debug|Any CPU = Debug|Any CPU
		Release|Any CPU = Release|Any CPU
	EndGlobalSection
	GlobalSection(ProjectConfigurationPlatforms) = postSolution
		{19BBFDB4-8E82-4559-A88D-C9DC462B11C2}.Debug|Any CPU.ActiveCfg = Debug|Any CPU
		{19BBFDB4-8E82-4559-A88D-C9DC462B11C2}.Debug|Any CPU.Build.0 = Debug|Any CPU
		{19BBFDB4-8E82-4559-A88D-C9DC462B11C2}.Release|Any CPU.ActiveCfg = Release|Any CPU
		{19BBFDB4-8E82-4559-A88D-C9DC462B11C2}.Release|Any CPU.Build.0 = Release|Any CPU
		{577BC5E4-135B-4128-9B5A-EB8AEBD1FA61}.Debug|Any CPU.ActiveCfg = Debug|Any CPU
		{577BC5E4-135B-4128-9B5A-EB8AEBD1FA61}.Debug|Any CPU.Build.0 = Debug|Any CPU
		{577BC5E4-135B-4128-9B5A-EB8AEBD1FA61}.Release|Any CPU.ActiveCfg = Release|Any CPU
		{577BC5E4-135B-4128-9B5A-EB8AEBD1FA61}.Release|Any CPU.Build.0 = Release|Any CPU
		{F11D802E-6A02-44CB-ADE3-C3E5BD42895A}.Debug|Any CPU.ActiveCfg = Debug|Any CPU
		{F11D802E-6A02-44CB-ADE3-C3E5BD42895A}.Debug|Any CPU.Build.0 = Debug|Any CPU
		{F11D802E-6A02-44CB-ADE3-C3E5BD42895A}.Release|Any CPU.ActiveCfg = Release|Any CPU
		{F11D802E-6A02-44CB-ADE3-C3E5BD42895A}.Release|Any CPU.Build.0 = Release|Any CPU
		{1A79D9FB-3BFA-495A-854B-7BB24EB060CF}.Debug|Any CPU.ActiveCfg = Debug|Any CPU
		{1A79D9FB-3BFA-495A-854B-7BB24EB060CF}.Debug|Any CPU.Build.0 = Debug|Any CPU
		{1A79D9FB-3BFA-495A-854B-7BB24EB060CF}.Release|Any CPU.ActiveCfg = Release|Any CPU
		{1A79D9FB-3BFA-495A-854B-7BB24EB060CF}.Release|Any CPU.Build.0 = Release|Any CPU
	EndGlobalSection
	GlobalSection(SolutionProperties) = preSolution
		HideSolutionNode = FALSE
	EndGlobalSection
	GlobalSection(ExtensibilityGlobals) = postSolution
		SolutionGuid = {0D747F80-2DEE-49E0-9213-69ABEE9F9F8F}
	EndGlobalSection
EndGlobal
